
Microsoft Visual Studio Solution File, Format Version 12.00
# Visual Studio Version 16
VisualStudioVersion = 16.0.32510.428
MinimumVisualStudioVersion = 10.0.40219.1
Project("{FAE04EC0-301F-11D3-BF4B-00C04F79EFBC}") = "MvcBowls", "MvcBowls.csproj", "{75D85645-A7A1-47A3-9C37-EC1F10D55EC8}"
EndProject
Global
	GlobalSection(SolutionConfigurationPlatforms) = preSolution
		Debug|Any CPU = Debug|Any CPU
		Release|Any CPU = Release|Any CPU
	EndGlobalSection
	GlobalSection(ProjectConfigurationPlatforms) = postSolution
		{75D85645-A7A1-47A3-9C37-EC1F10D55EC8}.Debug|Any CPU.ActiveCfg = Debug|Any CPU
		{75D85645-A7A1-47A3-9C37-EC1F10D55EC8}.Debug|Any CPU.Build.0 = Debug|Any CPU
		{75D85645-A7A1-47A3-9C37-EC1F10D55EC8}.Release|Any CPU.ActiveCfg = Release|Any CPU
		{75D85645-A7A1-47A3-9C37-EC1F10D55EC8}.Release|Any CPU.Build.0 = Release|Any CPU
	EndGlobalSection
	GlobalSection(SolutionProperties) = preSolution
		HideSolutionNode = FALSE
	EndGlobalSection
	GlobalSection(ExtensibilityGlobals) = postSolution
		SolutionGuid = {1AB0B8A2-D954-4ADB-BED2-0E1033F3BA61}
	EndGlobalSection
EndGlobal
